
Microsoft Visual Studio Solution File, Format Version 12.00
# Visual Studio Version 17
VisualStudioVersion = 17.3.32929.385
MinimumVisualStudioVersion = 10.0.40219.1
Project("{FAE04EC0-301F-11D3-BF4B-00C04F79EFBC}") = "SolidPrenciplesExample", "SolidPrenciplesExample\SolidPrenciplesExample.csproj", "{942429AB-6BB5-4F2B-8C0B-4356B586747E}"
EndProject
Global
	GlobalSection(SolutionConfigurationPlatforms) = preSolution
		Debug|Any CPU = Debug|Any CPU
		Release|Any CPU = Release|Any CPU
	EndGlobalSection
	GlobalSection(ProjectConfigurationPlatforms) = postSolution
		{942429AB-6BB5-4F2B-8C0B-4356B586747E}.Debug|Any CPU.ActiveCfg = Debug|Any CPU
		{942429AB-6BB5-4F2B-8C0B-4356B586747E}.Debug|Any CPU.Build.0 = Debug|Any CPU
		{942429AB-6BB5-4F2B-8C0B-4356B586747E}.Release|Any CPU.ActiveCfg = Release|Any CPU
		{942429AB-6BB5-4F2B-8C0B-4356B586747E}.Release|Any CPU.Build.0 = Release|Any CPU
	EndGlobalSection
	GlobalSection(SolutionProperties) = preSolution
		HideSolutionNode = FALSE
	EndGlobalSection
	GlobalSection(ExtensibilityGlobals) = postSolution
		SolutionGuid = {8727DFAE-6561-4B79-AADC-10430427D53D}
	EndGlobalSection
EndGlobal
